
Microsoft Visual Studio Solution File, Format Version 12.00
# Visual Studio Version 17
VisualStudioVersion = 17.3.32811.315
MinimumVisualStudioVersion = 10.0.40219.1
Project("{9A19103F-16F7-4668-BE54-9A1E7A4F7556}") = "SYSVETE.WebApi", "SYSVETE\SYSVETE.WebApi.csproj", "{854FFAB1-B5CF-4AD4-8AD7-B936514A4BAF}"
EndProject
Project("{2150E333-8FDC-42A3-9474-1A3956D46DE8}") = "src", "src", "{E296C27B-6F0F-487C-A1FA-C73F5D3AEB50}"
EndProject
Project("{2150E333-8FDC-42A3-9474-1A3956D46DE8}") = "YourApplication", "YourApplication", "{C701E8CA-57F1-4BBF-A1CF-6E15EFCE6FBF}"
EndProject
Project("{2150E333-8FDC-42A3-9474-1A3956D46DE8}") = "Domain", "Domain", "{481B1451-A6E2-4E04-B21B-52D77199BFD4}"
EndProject
Project("{2150E333-8FDC-42A3-9474-1A3956D46DE8}") = "Infrastructure", "Infrastructure", "{73A740F8-0498-4439-B11D-21304D23BE60}"
EndProject
Project("{2150E333-8FDC-42A3-9474-1A3956D46DE8}") = "WebApi", "WebApi", "{DC26FF13-69BC-450B-8329-E1C5AF2C344A}"
EndProject
Project("{2150E333-8FDC-42A3-9474-1A3956D46DE8}") = "Tests", "Tests", "{DE4576D9-394A-4DB2-99E6-8A5AE8F8E17C}"
EndProject
Global
	GlobalSection(SolutionConfigurationPlatforms) = preSolution
		Debug|Any CPU = Debug|Any CPU
		Release|Any CPU = Release|Any CPU
	EndGlobalSection
	GlobalSection(ProjectConfigurationPlatforms) = postSolution
		{854FFAB1-B5CF-4AD4-8AD7-B936514A4BAF}.Debug|Any CPU.ActiveCfg = Debug|Any CPU
		{854FFAB1-B5CF-4AD4-8AD7-B936514A4BAF}.Debug|Any CPU.Build.0 = Debug|Any CPU
		{854FFAB1-B5CF-4AD4-8AD7-B936514A4BAF}.Release|Any CPU.ActiveCfg = Release|Any CPU
		{854FFAB1-B5CF-4AD4-8AD7-B936514A4BAF}.Release|Any CPU.Build.0 = Release|Any CPU
	EndGlobalSection
	GlobalSection(SolutionProperties) = preSolution
		HideSolutionNode = FALSE
	EndGlobalSection
	GlobalSection(NestedProjects) = preSolution
		{854FFAB1-B5CF-4AD4-8AD7-B936514A4BAF} = {DC26FF13-69BC-450B-8329-E1C5AF2C344A}
		{C701E8CA-57F1-4BBF-A1CF-6E15EFCE6FBF} = {E296C27B-6F0F-487C-A1FA-C73F5D3AEB50}
		{481B1451-A6E2-4E04-B21B-52D77199BFD4} = {E296C27B-6F0F-487C-A1FA-C73F5D3AEB50}
		{73A740F8-0498-4439-B11D-21304D23BE60} = {E296C27B-6F0F-487C-A1FA-C73F5D3AEB50}
		{DC26FF13-69BC-450B-8329-E1C5AF2C344A} = {E296C27B-6F0F-487C-A1FA-C73F5D3AEB50}
		{DE4576D9-394A-4DB2-99E6-8A5AE8F8E17C} = {E296C27B-6F0F-487C-A1FA-C73F5D3AEB50}
	EndGlobalSection
	GlobalSection(ExtensibilityGlobals) = postSolution
		SolutionGuid = {4A695423-673F-4B59-AA1F-9865EA18A074}
	EndGlobalSection
EndGlobal
