
Microsoft Visual Studio Solution File, Format Version 12.00
# Visual Studio Version 17
VisualStudioVersion = 17.3.32811.315
MinimumVisualStudioVersion = 10.0.40219.1
Project("{FAE04EC0-301F-11D3-BF4B-00C04F79EFBC}") = "SYSVETE", "SYSVETE\SYSVETE.csproj", "{854FFAB1-B5CF-4AD4-8AD7-B936514A4BAF}"
EndProject
Global
	GlobalSection(SolutionConfigurationPlatforms) = preSolution
		Debug|Any CPU = Debug|Any CPU
		Release|Any CPU = Release|Any CPU
	EndGlobalSection
	GlobalSection(ProjectConfigurationPlatforms) = postSolution
		{854FFAB1-B5CF-4AD4-8AD7-B936514A4BAF}.Debug|Any CPU.ActiveCfg = Debug|Any CPU
		{854FFAB1-B5CF-4AD4-8AD7-B936514A4BAF}.Debug|Any CPU.Build.0 = Debug|Any CPU
		{854FFAB1-B5CF-4AD4-8AD7-B936514A4BAF}.Release|Any CPU.ActiveCfg = Release|Any CPU
		{854FFAB1-B5CF-4AD4-8AD7-B936514A4BAF}.Release|Any CPU.Build.0 = Release|Any CPU
	EndGlobalSection
	GlobalSection(SolutionProperties) = preSolution
		HideSolutionNode = FALSE
	EndGlobalSection
	GlobalSection(ExtensibilityGlobals) = postSolution
		SolutionGuid = {4A695423-673F-4B59-AA1F-9865EA18A074}
	EndGlobalSection
EndGlobal
